{
  "name": "react-google-picture",
  "version": "0.1.0",
  "lockfileVersion": 3,
  "requires": true,
  "packages": {
    "": {
      "name": "react-google-picture",
      "version": "0.1.0",
      "license": "MIT",
      "dependencies": {
        "lh3-googleusercontent-url-builder": "^2.0.0"
      }
    },
    "node_modules/lh3-googleusercontent-url-builder": {
      "version": "2.0.0",
      "resolved": "https://registry.npmjs.org/lh3-googleusercontent-url-builder/-/lh3-googleusercontent-url-builder-2.0.0.tgz",
      "integrity": "sha512-K2CCDPp2N+AV/MYZxXSWFrAhcxkmW+9D9Lvk4Ij5Emscp6JPJoC0KGxqbr4xQvo15Ur6eH3f1m9OWSEpELdpSQ=="
    }
  }
}
